
Microsoft Visual Studio Solution File, Format Version 12.00
# Visual Studio Version 17
VisualStudioVersion = 17.3.32929.385
MinimumVisualStudioVersion = 10.0.40219.1
Project("{FAE04EC0-301F-11D3-BF4B-00C04F79EFBC}") = "4_1", "4_1\4_1.csproj", "{B6C8622F-048C-402B-B740-9D2249442DFD}"
EndProject
Project("{FAE04EC0-301F-11D3-BF4B-00C04F79EFBC}") = "4_2", "4_2\4_2.csproj", "{678C0C6D-F489-437A-B180-DA31950A7EA3}"
EndProject
Global
	GlobalSection(SolutionConfigurationPlatforms) = preSolution
		Debug|Any CPU = Debug|Any CPU
		Release|Any CPU = Release|Any CPU
	EndGlobalSection
	GlobalSection(ProjectConfigurationPlatforms) = postSolution
		{B6C8622F-048C-402B-B740-9D2249442DFD}.Debug|Any CPU.ActiveCfg = Debug|Any CPU
		{B6C8622F-048C-402B-B740-9D2249442DFD}.Debug|Any CPU.Build.0 = Debug|Any CPU
		{B6C8622F-048C-402B-B740-9D2249442DFD}.Release|Any CPU.ActiveCfg = Release|Any CPU
		{B6C8622F-048C-402B-B740-9D2249442DFD}.Release|Any CPU.Build.0 = Release|Any CPU
		{678C0C6D-F489-437A-B180-DA31950A7EA3}.Debug|Any CPU.ActiveCfg = Debug|Any CPU
		{678C0C6D-F489-437A-B180-DA31950A7EA3}.Debug|Any CPU.Build.0 = Debug|Any CPU
		{678C0C6D-F489-437A-B180-DA31950A7EA3}.Release|Any CPU.ActiveCfg = Release|Any CPU
		{678C0C6D-F489-437A-B180-DA31950A7EA3}.Release|Any CPU.Build.0 = Release|Any CPU
	EndGlobalSection
	GlobalSection(SolutionProperties) = preSolution
		HideSolutionNode = FALSE
	EndGlobalSection
	GlobalSection(ExtensibilityGlobals) = postSolution
		SolutionGuid = {AF2262E3-8C91-46B6-AA66-6D186A9588EA}
	EndGlobalSection
EndGlobal
